
Microsoft Visual Studio Solution File, Format Version 12.00
Project("{FAE04EC0-301F-11D3-BF4B-00C04F79EFBC}") = "MagicVilla_API", "MagicVilla_API\MagicVilla_API.csproj", "{3EE90592-CAFA-4F03-8C65-5E2867BB6AA3}"
EndProject
Project("{FAE04EC0-301F-11D3-BF4B-00C04F79EFBC}") = "MagicVilla_Web", "MagicVilla_Web\MagicVilla_Web.csproj", "{036A43D0-5CFE-4638-9C11-4E58DB9DEF6C}"
EndProject
Global
	GlobalSection(SolutionConfigurationPlatforms) = preSolution
		Debug|Any CPU = Debug|Any CPU
		Release|Any CPU = Release|Any CPU
	EndGlobalSection
	GlobalSection(ProjectConfigurationPlatforms) = postSolution
		{3EE90592-CAFA-4F03-8C65-5E2867BB6AA3}.Debug|Any CPU.ActiveCfg = Debug|Any CPU
		{3EE90592-CAFA-4F03-8C65-5E2867BB6AA3}.Debug|Any CPU.Build.0 = Debug|Any CPU
		{3EE90592-CAFA-4F03-8C65-5E2867BB6AA3}.Release|Any CPU.ActiveCfg = Release|Any CPU
		{3EE90592-CAFA-4F03-8C65-5E2867BB6AA3}.Release|Any CPU.Build.0 = Release|Any CPU
		{036A43D0-5CFE-4638-9C11-4E58DB9DEF6C}.Debug|Any CPU.ActiveCfg = Debug|Any CPU
		{036A43D0-5CFE-4638-9C11-4E58DB9DEF6C}.Debug|Any CPU.Build.0 = Debug|Any CPU
		{036A43D0-5CFE-4638-9C11-4E58DB9DEF6C}.Release|Any CPU.ActiveCfg = Release|Any CPU
		{036A43D0-5CFE-4638-9C11-4E58DB9DEF6C}.Release|Any CPU.Build.0 = Release|Any CPU
	EndGlobalSection
EndGlobal
